
Microsoft Visual Studio Solution File, Format Version 12.00
# Visual Studio Version 17
VisualStudioVersion = 17.13.36105.23 d17.13
MinimumVisualStudioVersion = 10.0.40219.1
Project("{FAE04EC0-301F-11D3-BF4B-00C04F79EFBC}") = "LABA 2", "LABA 2.csproj", "{14F18543-925F-485F-A0DB-B876CC6DC890}"
EndProject
Project("{2150E333-8FDC-42A3-9474-1A3956D46DE8}") = "Элементы решения", "Элементы решения", "{754FC069-D67B-A9D7-50A1-8D1CA196D8F1}"
	ProjectSection(SolutionItems) = preProject
		.gitignore = .gitignore
	EndProjectSection
EndProject
Global
	GlobalSection(SolutionConfigurationPlatforms) = preSolution
		Debug|Any CPU = Debug|Any CPU
		Release|Any CPU = Release|Any CPU
	EndGlobalSection
	GlobalSection(ProjectConfigurationPlatforms) = postSolution
		{14F18543-925F-485F-A0DB-B876CC6DC890}.Debug|Any CPU.ActiveCfg = Debug|Any CPU
		{14F18543-925F-485F-A0DB-B876CC6DC890}.Debug|Any CPU.Build.0 = Debug|Any CPU
		{14F18543-925F-485F-A0DB-B876CC6DC890}.Release|Any CPU.ActiveCfg = Release|Any CPU
		{14F18543-925F-485F-A0DB-B876CC6DC890}.Release|Any CPU.Build.0 = Release|Any CPU
	EndGlobalSection
	GlobalSection(SolutionProperties) = preSolution
		HideSolutionNode = FALSE
	EndGlobalSection
	GlobalSection(ExtensibilityGlobals) = postSolution
		SolutionGuid = {FD5FC046-3BD5-4341-8D31-471884A09986}
	EndGlobalSection
EndGlobal
